
Microsoft Visual Studio Solution File, Format Version 12.00
# Visual Studio Version 17
VisualStudioVersion = 17.11.35312.102
MinimumVisualStudioVersion = 10.0.40219.1
Project("{FAE04EC0-301F-11D3-BF4B-00C04F79EFBC}") = "DigitalAssetManagementSystem.UI", "DigitalAssetManagementSystem.UI.csproj", "{BD2D4763-63F0-428F-8FA2-BB5775A270A0}"
EndProject
Project("{FAE04EC0-301F-11D3-BF4B-00C04F79EFBC}") = "DigitalAssetManagementSystem.Entity", "..\Digital Asset Management System.Entity\DigitalAssetManagementSystem.Entity.csproj", "{2D650D01-8F28-4B8D-A8D3-11D8F27C6A34}"
EndProject
Project("{FAE04EC0-301F-11D3-BF4B-00C04F79EFBC}") = "DigitalAssetManagementSystem.Exceptions", "..\Digital Asset Management System.Exceptions\DigitalAssetManagementSystem.Exceptions.csproj", "{1B259109-9881-4A93-BA42-16B7B7993A8C}"
EndProject
Project("{FAE04EC0-301F-11D3-BF4B-00C04F79EFBC}") = "DigitalAssetManagementSystem.Util", "..\Digital Asset Management System.Util\DigitalAssetManagementSystem.Util.csproj", "{43500DA9-3E9D-4845-A00C-DE096B22DC9B}"
EndProject
Project("{FAE04EC0-301F-11D3-BF4B-00C04F79EFBC}") = "DigitalAssetManagementSystem.BusinessLayer", "..\Digital Asset Management System.BusinessLayer\DigitalAssetManagementSystem.BusinessLayer.csproj", "{4ECDC847-A4D6-4D06-BF86-20666D5DE61A}"
EndProject
Global
	GlobalSection(SolutionConfigurationPlatforms) = preSolution
		Debug|Any CPU = Debug|Any CPU
		Release|Any CPU = Release|Any CPU
	EndGlobalSection
	GlobalSection(ProjectConfigurationPlatforms) = postSolution
		{BD2D4763-63F0-428F-8FA2-BB5775A270A0}.Debug|Any CPU.ActiveCfg = Debug|Any CPU
		{BD2D4763-63F0-428F-8FA2-BB5775A270A0}.Debug|Any CPU.Build.0 = Debug|Any CPU
		{BD2D4763-63F0-428F-8FA2-BB5775A270A0}.Release|Any CPU.ActiveCfg = Release|Any CPU
		{BD2D4763-63F0-428F-8FA2-BB5775A270A0}.Release|Any CPU.Build.0 = Release|Any CPU
		{2D650D01-8F28-4B8D-A8D3-11D8F27C6A34}.Debug|Any CPU.ActiveCfg = Debug|Any CPU
		{2D650D01-8F28-4B8D-A8D3-11D8F27C6A34}.Debug|Any CPU.Build.0 = Debug|Any CPU
		{2D650D01-8F28-4B8D-A8D3-11D8F27C6A34}.Release|Any CPU.ActiveCfg = Release|Any CPU
		{2D650D01-8F28-4B8D-A8D3-11D8F27C6A34}.Release|Any CPU.Build.0 = Release|Any CPU
		{1B259109-9881-4A93-BA42-16B7B7993A8C}.Debug|Any CPU.ActiveCfg = Debug|Any CPU
		{1B259109-9881-4A93-BA42-16B7B7993A8C}.Debug|Any CPU.Build.0 = Debug|Any CPU
		{1B259109-9881-4A93-BA42-16B7B7993A8C}.Release|Any CPU.ActiveCfg = Release|Any CPU
		{1B259109-9881-4A93-BA42-16B7B7993A8C}.Release|Any CPU.Build.0 = Release|Any CPU
		{43500DA9-3E9D-4845-A00C-DE096B22DC9B}.Debug|Any CPU.ActiveCfg = Debug|Any CPU
		{43500DA9-3E9D-4845-A00C-DE096B22DC9B}.Debug|Any CPU.Build.0 = Debug|Any CPU
		{43500DA9-3E9D-4845-A00C-DE096B22DC9B}.Release|Any CPU.ActiveCfg = Release|Any CPU
		{43500DA9-3E9D-4845-A00C-DE096B22DC9B}.Release|Any CPU.Build.0 = Release|Any CPU
		{4ECDC847-A4D6-4D06-BF86-20666D5DE61A}.Debug|Any CPU.ActiveCfg = Debug|Any CPU
		{4ECDC847-A4D6-4D06-BF86-20666D5DE61A}.Debug|Any CPU.Build.0 = Debug|Any CPU
		{4ECDC847-A4D6-4D06-BF86-20666D5DE61A}.Release|Any CPU.ActiveCfg = Release|Any CPU
		{4ECDC847-A4D6-4D06-BF86-20666D5DE61A}.Release|Any CPU.Build.0 = Release|Any CPU
	EndGlobalSection
	GlobalSection(SolutionProperties) = preSolution
		HideSolutionNode = FALSE
	EndGlobalSection
	GlobalSection(ExtensibilityGlobals) = postSolution
		SolutionGuid = {E0D76A12-86D5-4265-8639-6E4F75B34AAE}
	EndGlobalSection
EndGlobal
