
Microsoft Visual Studio Solution File, Format Version 12.00
# Visual Studio Version 17
VisualStudioVersion = 17.11.35327.3
MinimumVisualStudioVersion = 10.0.40219.1
Project("{FAE04EC0-301F-11D3-BF4B-00C04F79EFBC}") = "Code_first_Assignment", "Code_first_Assignment.csproj", "{282EB6D4-A7CC-494E-AAE7-1F958A5533CE}"
EndProject
Global
	GlobalSection(SolutionConfigurationPlatforms) = preSolution
		Debug|Any CPU = Debug|Any CPU
		Release|Any CPU = Release|Any CPU
	EndGlobalSection
	GlobalSection(ProjectConfigurationPlatforms) = postSolution
		{282EB6D4-A7CC-494E-AAE7-1F958A5533CE}.Debug|Any CPU.ActiveCfg = Debug|Any CPU
		{282EB6D4-A7CC-494E-AAE7-1F958A5533CE}.Debug|Any CPU.Build.0 = Debug|Any CPU
		{282EB6D4-A7CC-494E-AAE7-1F958A5533CE}.Release|Any CPU.ActiveCfg = Release|Any CPU
		{282EB6D4-A7CC-494E-AAE7-1F958A5533CE}.Release|Any CPU.Build.0 = Release|Any CPU
	EndGlobalSection
	GlobalSection(SolutionProperties) = preSolution
		HideSolutionNode = FALSE
	EndGlobalSection
	GlobalSection(ExtensibilityGlobals) = postSolution
		SolutionGuid = {9BE03CFC-8A0B-48C4-B595-15D5C3FBB626}
	EndGlobalSection
EndGlobal
